lockfileVersion: '9.0'

settings:
  autoInstallPeers: true
  excludeLinksFromLockfile: false

importers:

  .:
    dependencies:
      tailwind-variants:
        specifier: ^3.2.2
        version: 3.2.2(tailwindcss@4.3.2)

packages:

  tailwind-variants@3.2.2:
    resolution: {integrity: sha512-Mi4kHeMTLvKlM98XPnK+7HoBPmf4gygdFmqQPaDivc3DpYS6aIY6KiG/PgThrGvii5YZJqRsPz0aPyhoFzmZgg==}
    engines: {node: '>=16.x', pnpm: '>=7.x'}
    peerDependencies:
      tailwind-merge: '>=3.0.0'
      tailwindcss: '*'
    peerDependenciesMeta:
      tailwind-merge:
        optional: true

  tailwindcss@4.3.2:
    resolution: {integrity: sha512-WtctNNSH8A9jlMIqxzuYumOHU5uGZyRv0Q5svQl+oEPy5w84YpBxdb7MdqyiSPQge5jTJ6zFQLq0PFygdccSBA==}

snapshots:

  tailwind-variants@3.2.2(tailwindcss@4.3.2):
    dependencies:
      tailwindcss: 4.3.2

  tailwindcss@4.3.2: {}
